
Microsoft Visual Studio Solution File, Format Version 12.00
# Visual Studio 14
VisualStudioVersion = 14.0.25420.1
MinimumVisualStudioVersion = 10.0.40219.1
Project("{FAE04EC0-301F-11D3-BF4B-00C04F79EFBC}") = "todolist", "App3\App3\todolist.csproj", "{3DBAA90E-9512-42CD-BDB5-2DF90D09AB99}"
EndProject
Project("{FAE04EC0-301F-11D3-BF4B-00C04F79EFBC}") = "todolist.Droid", "App3\App3.Droid\todolist.Droid.csproj", "{A42CE155-3BF3-48B1-9BA3-52E86202E320}"
EndProject
Project("{FAE04EC0-301F-11D3-BF4B-00C04F79EFBC}") = "todolist.iOS", "App3\App3.iOS\todolist.iOS.csproj", "{E6365523-F2DF-4C8E-968E-F2BFC1AA3509}"
EndProject
Project("{FAE04EC0-301F-11D3-BF4B-00C04F79EFBC}") = "todolist.WinPhone", "App3\App3.WinPhone\todolist.WinPhone.csproj", "{EFAF571B-024F-4B61-B167-59360F3625A5}"
EndProject
Project("{FAE04EC0-301F-11D3-BF4B-00C04F79EFBC}") = "todolist.Windows", "App3\App3.Windows\todolist.Windows.csproj", "{E3E8594C-AA89-462B-8A14-912BD699C193}"
EndProject
Project("{2150E333-8FDC-42A3-9474-1A3956D46DE8}") = "Tests", "Tests", "{648AA1CC-BB25-4373-BD1C-F0A6B380AB8A}"
EndProject
Project("{FAE04EC0-301F-11D3-BF4B-00C04F79EFBC}") = "UnitTest", "UnitTest\UnitTest.csproj", "{02F57391-1FF1-42B6-A487-F8AD5493D516}"
EndProject
Global
	GlobalSection(SolutionConfigurationPlatforms) = preSolution
		Ad-Hoc|Any CPU = Ad-Hoc|Any CPU
		Ad-Hoc|ARM = Ad-Hoc|ARM
		Ad-Hoc|iPhone = Ad-Hoc|iPhone
		Ad-Hoc|iPhoneSimulator = Ad-Hoc|iPhoneSimulator
		Ad-Hoc|x64 = Ad-Hoc|x64
		Ad-Hoc|x86 = Ad-Hoc|x86
		AppStore|Any CPU = AppStore|Any CPU
		AppStore|ARM = AppStore|ARM
		AppStore|iPhone = AppStore|iPhone
		AppStore|iPhoneSimulator = AppStore|iPhoneSimulator
		AppStore|x64 = AppStore|x64
		AppStore|x86 = AppStore|x86
		Debug|Any CPU = Debug|Any CPU
		Debug|ARM = Debug|ARM
		Debug|iPhone = Debug|iPhone
		Debug|iPhoneSimulator = Debug|iPhoneSimulator
		Debug|x64 = Debug|x64
		Debug|x86 = Debug|x86
		Release|Any CPU = Release|Any CPU
		Release|ARM = Release|ARM
		Release|iPhone = Release|iPhone
		Release|iPhoneSimulator = Release|iPhoneSimulator
		Release|x64 = Release|x64
		Release|x86 = Release|x86
	EndGlobalSection
	GlobalSection(ProjectConfigurationPlatforms) = postSolution
		{3DBAA90E-9512-42CD-BDB5-2DF90D09AB99}.Ad-Hoc|Any CPU.ActiveCfg = Release|Any CPU
		{3DBAA90E-9512-42CD-BDB5-2DF90D09AB99}.Ad-Hoc|Any CPU.Build.0 = Release|Any CPU
		{3DBAA90E-9512-42CD-BDB5-2DF90D09AB99}.Ad-Hoc|ARM.ActiveCfg = Release|Any CPU
		{3DBAA90E-9512-42CD-BDB5-2DF90D09AB99}.Ad-Hoc|ARM.Build.0 = Release|Any CPU
		{3DBAA90E-9512-42CD-BDB5-2DF90D09AB99}.Ad-Hoc|iPhone.ActiveCfg = Release|Any CPU
		{3DBAA90E-9512-42CD-BDB5-2DF90D09AB99}.Ad-Hoc|iPhone.Build.0 = Release|Any CPU
		{3DBAA90E-9512-42CD-BDB5-2DF90D09AB99}.Ad-Hoc|iPhoneSimulator.ActiveCfg = Release|Any CPU
		{3DBAA90E-9512-42CD-BDB5-2DF90D09AB99}.Ad-Hoc|iPhoneSimulator.Build.0 = Release|Any CPU
		{3DBAA90E-9512-42CD-BDB5-2DF90D09AB99}.Ad-Hoc|x64.ActiveCfg = Release|Any CPU
		{3DBAA90E-9512-42CD-BDB5-2DF90D09AB99}.Ad-Hoc|x64.Build.0 = Release|Any CPU
		{3DBAA90E-9512-42CD-BDB5-2DF90D09AB99}.Ad-Hoc|x86.ActiveCfg = Release|Any CPU
		{3DBAA90E-9512-42CD-BDB5-2DF90D09AB99}.Ad-Hoc|x86.Build.0 = Release|Any CPU
		{3DBAA90E-9512-42CD-BDB5-2DF90D09AB99}.AppStore|Any CPU.ActiveCfg = Release|Any CPU
		{3DBAA90E-9512-42CD-BDB5-2DF90D09AB99}.AppStore|Any CPU.Build.0 = Release|Any CPU
		{3DBAA90E-9512-42CD-BDB5-2DF90D09AB99}.AppStore|ARM.ActiveCfg = Release|Any CPU
		{3DBAA90E-9512-42CD-BDB5-2DF90D09AB99}.AppStore|ARM.Build.0 = Release|Any CPU
		{3DBAA90E-9512-42CD-BDB5-2DF90D09AB99}.AppStore|iPhone.ActiveCfg = Release|Any CPU
		{3DBAA90E-9512-42CD-BDB5-2DF90D09AB99}.AppStore|iPhone.Build.0 = Release|Any CPU
		{3DBAA90E-9512-42CD-BDB5-2DF90D09AB99}.AppStore|iPhoneSimulator.ActiveCfg = Release|Any CPU
		{3DBAA90E-9512-42CD-BDB5-2DF90D09AB99}.AppStore|iPhoneSimulator.Build.0 = Release|Any CPU
		{3DBAA90E-9512-42CD-BDB5-2DF90D09AB99}.AppStore|x64.ActiveCfg = Release|Any CPU
		{3DBAA90E-9512-42CD-BDB5-2DF90D09AB99}.AppStore|x64.Build.0 = Release|Any CPU
		{3DBAA90E-9512-42CD-BDB5-2DF90D09AB99}.AppStore|x86.ActiveCfg = Release|Any CPU
		{3DBAA90E-9512-42CD-BDB5-2DF90D09AB99}.AppStore|x86.Build.0 = Release|Any CPU
		{3DBAA90E-9512-42CD-BDB5-2DF90D09AB99}.Debug|Any CPU.ActiveCfg = Debug|Any CPU
		{3DBAA90E-9512-42CD-BDB5-2DF90D09AB99}.Debug|Any CPU.Build.0 = Debug|Any CPU
		{3DBAA90E-9512-42CD-BDB5-2DF90D09AB99}.Debug|ARM.ActiveCfg = Debug|Any CPU
		{3DBAA90E-9512-42CD-BDB5-2DF90D09AB99}.Debug|ARM.Build.0 = Debug|Any CPU
		{3DBAA90E-9512-42CD-BDB5-2DF90D09AB99}.Debug|iPhone.ActiveCfg = Debug|Any CPU
		{3DBAA90E-9512-42CD-BDB5-2DF90D09AB99}.Debug|iPhone.Build.0 = Debug|Any CPU
		{3DBAA90E-9512-42CD-BDB5-2DF90D09AB99}.Debug|iPhoneSimulator.ActiveCfg = Debug|Any CPU
		{3DBAA90E-9512-42CD-BDB5-2DF90D09AB99}.Debug|iPhoneSimulator.Build.0 = Debug|Any CPU
		{3DBAA90E-9512-42CD-BDB5-2DF90D09AB99}.Debug|x64.ActiveCfg = Debug|Any CPU
		{3DBAA90E-9512-42CD-BDB5-2DF90D09AB99}.Debug|x64.Build.0 = Debug|Any CPU
		{3DBAA90E-9512-42CD-BDB5-2DF90D09AB99}.Debug|x86.ActiveCfg = Debug|Any CPU
		{3DBAA90E-9512-42CD-BDB5-2DF90D09AB99}.Debug|x86.Build.0 = Debug|Any CPU
		{3DBAA90E-9512-42CD-BDB5-2DF90D09AB99}.Release|Any CPU.ActiveCfg = Release|Any CPU
		{3DBAA90E-9512-42CD-BDB5-2DF90D09AB99}.Release|Any CPU.Build.0 = Release|Any CPU
		{3DBAA90E-9512-42CD-BDB5-2DF90D09AB99}.Release|ARM.ActiveCfg = Release|Any CPU
		{3DBAA90E-9512-42CD-BDB5-2DF90D09AB99}.Release|ARM.Build.0 = Release|Any CPU
		{3DBAA90E-9512-42CD-BDB5-2DF90D09AB99}.Release|iPhone.ActiveCfg = Release|Any CPU
		{3DBAA90E-9512-42CD-BDB5-2DF90D09AB99}.Release|iPhone.Build.0 = Release|Any CPU
		{3DBAA90E-9512-42CD-BDB5-2DF90D09AB99}.Release|iPhoneSimulator.ActiveCfg = Release|Any CPU
		{3DBAA90E-9512-42CD-BDB5-2DF90D09AB99}.Release|iPhoneSimulator.Build.0 = Release|Any CPU
		{3DBAA90E-9512-42CD-BDB5-2DF90D09AB99}.Release|x64.ActiveCfg = Release|Any CPU
		{3DBAA90E-9512-42CD-BDB5-2DF90D09AB99}.Release|x64.Build.0 = Release|Any CPU
		{3DBAA90E-9512-42CD-BDB5-2DF90D09AB99}.Release|x86.ActiveCfg = Release|Any CPU
		{3DBAA90E-9512-42CD-BDB5-2DF90D09AB99}.Release|x86.Build.0 = Release|Any CPU
		{A42CE155-3BF3-48B1-9BA3-52E86202E320}.Ad-Hoc|Any CPU.ActiveCfg = Release|Any CPU
		{A42CE155-3BF3-48B1-9BA3-52E86202E320}.Ad-Hoc|Any CPU.Build.0 = Release|Any CPU
		{A42CE155-3BF3-48B1-9BA3-52E86202E320}.Ad-Hoc|Any CPU.Deploy.0 = Release|Any CPU
		{A42CE155-3BF3-48B1-9BA3-52E86202E320}.Ad-Hoc|ARM.ActiveCfg = Release|Any CPU
		{A42CE155-3BF3-48B1-9BA3-52E86202E320}.Ad-Hoc|ARM.Build.0 = Release|Any CPU
		{A42CE155-3BF3-48B1-9BA3-52E86202E320}.Ad-Hoc|ARM.Deploy.0 = Release|Any CPU
		{A42CE155-3BF3-48B1-9BA3-52E86202E320}.Ad-Hoc|iPhone.ActiveCfg = Release|Any CPU
		{A42CE155-3BF3-48B1-9BA3-52E86202E320}.Ad-Hoc|iPhone.Build.0 = Release|Any CPU
		{A42CE155-3BF3-48B1-9BA3-52E86202E320}.Ad-Hoc|iPhone.Deploy.0 = Release|Any CPU
		{A42CE155-3BF3-48B1-9BA3-52E86202E320}.Ad-Hoc|iPhoneSimulator.ActiveCfg = Release|Any CPU
		{A42CE155-3BF3-48B1-9BA3-52E86202E320}.Ad-Hoc|iPhoneSimulator.Build.0 = Release|Any CPU
		{A42CE155-3BF3-48B1-9BA3-52E86202E320}.Ad-Hoc|iPhoneSimulator.Deploy.0 = Release|Any CPU
		{A42CE155-3BF3-48B1-9BA3-52E86202E320}.Ad-Hoc|x64.ActiveCfg = Release|Any CPU
		{A42CE155-3BF3-48B1-9BA3-52E86202E320}.Ad-Hoc|x64.Build.0 = Release|Any CPU
		{A42CE155-3BF3-48B1-9BA3-52E86202E320}.Ad-Hoc|x64.Deploy.0 = Release|Any CPU
		{A42CE155-3BF3-48B1-9BA3-52E86202E320}.Ad-Hoc|x86.ActiveCfg = Release|Any CPU
		{A42CE155-3BF3-48B1-9BA3-52E86202E320}.Ad-Hoc|x86.Build.0 = Release|Any CPU
		{A42CE155-3BF3-48B1-9BA3-52E86202E320}.Ad-Hoc|x86.Deploy.0 = Release|Any CPU
		{A42CE155-3BF3-48B1-9BA3-52E86202E320}.AppStore|Any CPU.ActiveCfg = Release|Any CPU
		{A42CE155-3BF3-48B1-9BA3-52E86202E320}.AppStore|Any CPU.Build.0 = Release|Any CPU
		{A42CE155-3BF3-48B1-9BA3-52E86202E320}.AppStore|Any CPU.Deploy.0 = Release|Any CPU
		{A42CE155-3BF3-48B1-9BA3-52E86202E320}.AppStore|ARM.ActiveCfg = Release|Any CPU
		{A42CE155-3BF3-48B1-9BA3-52E86202E320}.AppStore|ARM.Build.0 = Release|Any CPU
		{A42CE155-3BF3-48B1-9BA3-52E86202E320}.AppStore|ARM.Deploy.0 = Release|Any CPU
		{A42CE155-3BF3-48B1-9BA3-52E86202E320}.AppStore|iPhone.ActiveCfg = Release|Any CPU
		{A42CE155-3BF3-48B1-9BA3-52E86202E320}.AppStore|iPhone.Build.0 = Release|Any CPU
		{A42CE155-3BF3-48B1-9BA3-52E86202E320}.AppStore|iPhone.Deploy.0 = Release|Any CPU
		{A42CE155-3BF3-48B1-9BA3-52E86202E320}.AppStore|iPhoneSimulator.ActiveCfg = Release|Any CPU
		{A42CE155-3BF3-48B1-9BA3-52E86202E320}.AppStore|iPhoneSimulator.Build.0 = Release|Any CPU
		{A42CE155-3BF3-48B1-9BA3-52E86202E320}.AppStore|iPhoneSimulator.Deploy.0 = Release|Any CPU
		{A42CE155-3BF3-48B1-9BA3-52E86202E320}.AppStore|x64.ActiveCfg = Release|Any CPU
		{A42CE155-3BF3-48B1-9BA3-52E86202E320}.AppStore|x64.Build.0 = Release|Any CPU
		{A42CE155-3BF3-48B1-9BA3-52E86202E320}.AppStore|x64.Deploy.0 = Release|Any CPU
		{A42CE155-3BF3-48B1-9BA3-52E86202E320}.AppStore|x86.ActiveCfg = Release|Any CPU
		{A42CE155-3BF3-48B1-9BA3-52E86202E320}.AppStore|x86.Build.0 = Release|Any CPU
		{A42CE155-3BF3-48B1-9BA3-52E86202E320}.AppStore|x86.Deploy.0 = Release|Any CPU
		{A42CE155-3BF3-48B1-9BA3-52E86202E320}.Debug|Any CPU.ActiveCfg = Debug|Any CPU
		{A42CE155-3BF3-48B1-9BA3-52E86202E320}.Debug|Any CPU.Build.0 = Debug|Any CPU
		{A42CE155-3BF3-48B1-9BA3-52E86202E320}.Debug|Any CPU.Deploy.0 = Debug|Any CPU
		{A42CE155-3BF3-48B1-9BA3-52E86202E320}.Debug|ARM.ActiveCfg = Debug|Any CPU
		{A42CE155-3BF3-48B1-9BA3-52E86202E320}.Debug|ARM.Build.0 = Debug|Any CPU
		{A42CE155-3BF3-48B1-9BA3-52E86202E320}.Debug|ARM.Deploy.0 = Debug|Any CPU
		{A42CE155-3BF3-48B1-9BA3-52E86202E320}.Debug|iPhone.ActiveCfg = Debug|Any CPU
		{A42CE155-3BF3-48B1-9BA3-52E86202E320}.Debug|iPhone.Build.0 = Debug|Any CPU
		{A42CE155-3BF3-48B1-9BA3-52E86202E320}.Debug|iPhone.Deploy.0 = Debug|Any CPU
		{A42CE155-3BF3-48B1-9BA3-52E86202E320}.Debug|iPhoneSimulator.ActiveCfg = Debug|Any CPU
		{A42CE155-3BF3-48B1-9BA3-52E86202E320}.Debug|iPhoneSimulator.Build.0 = Debug|Any CPU
		{A42CE155-3BF3-48B1-9BA3-52E86202E320}.Debug|iPhoneSimulator.Deploy.0 = Debug|Any CPU
		{A42CE155-3BF3-48B1-9BA3-52E86202E320}.Debug|x64.ActiveCfg = Debug|Any CPU
		{A42CE155-3BF3-48B1-9BA3-52E86202E320}.Debug|x64.Build.0 = Debug|Any CPU
		{A42CE155-3BF3-48B1-9BA3-52E86202E320}.Debug|x64.Deploy.0 = Debug|Any CPU
		{A42CE155-3BF3-48B1-9BA3-52E86202E320}.Debug|x86.ActiveCfg = Debug|Any CPU
		{A42CE155-3BF3-48B1-9BA3-52E86202E320}.Debug|x86.Build.0 = Debug|Any CPU
		{A42CE155-3BF3-48B1-9BA3-52E86202E320}.Debug|x86.Deploy.0 = Debug|Any CPU
		{A42CE155-3BF3-48B1-9BA3-52E86202E320}.Release|Any CPU.ActiveCfg = Release|Any CPU
		{A42CE155-3BF3-48B1-9BA3-52E86202E320}.Release|Any CPU.Build.0 = Release|Any CPU
		{A42CE155-3BF3-48B1-9BA3-52E86202E320}.Release|Any CPU.Deploy.0 = Release|Any CPU
		{A42CE155-3BF3-48B1-9BA3-52E86202E320}.Release|ARM.ActiveCfg = Release|Any CPU
		{A42CE155-3BF3-48B1-9BA3-52E86202E320}.Release|ARM.Build.0 = Release|Any CPU
		{A42CE155-3BF3-48B1-9BA3-52E86202E320}.Release|ARM.Deploy.0 = Release|Any CPU
		{A42CE155-3BF3-48B1-9BA3-52E86202E320}.Release|iPhone.ActiveCfg = Release|Any CPU
		{A42CE155-3BF3-48B1-9BA3-52E86202E320}.Release|iPhone.Build.0 = Release|Any CPU
		{A42CE155-3BF3-48B1-9BA3-52E86202E320}.Release|iPhone.Deploy.0 = Release|Any CPU
		{A42CE155-3BF3-48B1-9BA3-52E86202E320}.Release|iPhoneSimulator.ActiveCfg = Release|Any CPU
		{A42CE155-3BF3-48B1-9BA3-52E86202E320}.Release|iPhoneSimulator.Build.0 = Release|Any CPU
		{A42CE155-3BF3-48B1-9BA3-52E86202E320}.Release|iPhoneSimulator.Deploy.0 = Release|Any CPU
		{A42CE155-3BF3-48B1-9BA3-52E86202E320}.Release|x64.ActiveCfg = Release|Any CPU
		{A42CE155-3BF3-48B1-9BA3-52E86202E320}.Release|x64.Build.0 = Release|Any CPU
		{A42CE155-3BF3-48B1-9BA3-52E86202E320}.Release|x64.Deploy.0 = Release|Any CPU
		{A42CE155-3BF3-48B1-9BA3-52E86202E320}.Release|x86.ActiveCfg = Release|Any CPU
		{A42CE155-3BF3-48B1-9BA3-52E86202E320}.Release|x86.Build.0 = Release|Any CPU
		{A42CE155-3BF3-48B1-9BA3-52E86202E320}.Release|x86.Deploy.0 = Release|Any CPU
		{E6365523-F2DF-4C8E-968E-F2BFC1AA3509}.Ad-Hoc|Any CPU.ActiveCfg = Ad-Hoc|iPhone
		{E6365523-F2DF-4C8E-968E-F2BFC1AA3509}.Ad-Hoc|ARM.ActiveCfg = Ad-Hoc|iPhone
		{E6365523-F2DF-4C8E-968E-F2BFC1AA3509}.Ad-Hoc|iPhone.ActiveCfg = Ad-Hoc|iPhone
		{E6365523-F2DF-4C8E-968E-F2BFC1AA3509}.Ad-Hoc|iPhone.Build.0 = Ad-Hoc|iPhone
		{E6365523-F2DF-4C8E-968E-F2BFC1AA3509}.Ad-Hoc|iPhoneSimulator.ActiveCfg = Ad-Hoc|iPhoneSimulator
		{E6365523-F2DF-4C8E-968E-F2BFC1AA3509}.Ad-Hoc|iPhoneSimulator.Build.0 = Ad-Hoc|iPhoneSimulator
		{E6365523-F2DF-4C8E-968E-F2BFC1AA3509}.Ad-Hoc|x64.ActiveCfg = Ad-Hoc|iPhone
		{E6365523-F2DF-4C8E-968E-F2BFC1AA3509}.Ad-Hoc|x86.ActiveCfg = Ad-Hoc|iPhone
		{E6365523-F2DF-4C8E-968E-F2BFC1AA3509}.AppStore|Any CPU.ActiveCfg = AppStore|iPhone
		{E6365523-F2DF-4C8E-968E-F2BFC1AA3509}.AppStore|ARM.ActiveCfg = AppStore|iPhone
		{E6365523-F2DF-4C8E-968E-F2BFC1AA3509}.AppStore|iPhone.ActiveCfg = AppStore|iPhone
		{E6365523-F2DF-4C8E-968E-F2BFC1AA3509}.AppStore|iPhone.Build.0 = AppStore|iPhone
		{E6365523-F2DF-4C8E-968E-F2BFC1AA3509}.AppStore|iPhoneSimulator.ActiveCfg = AppStore|iPhoneSimulator
		{E6365523-F2DF-4C8E-968E-F2BFC1AA3509}.AppStore|iPhoneSimulator.Build.0 = AppStore|iPhoneSimulator
		{E6365523-F2DF-4C8E-968E-F2BFC1AA3509}.AppStore|x64.ActiveCfg = AppStore|iPhone
		{E6365523-F2DF-4C8E-968E-F2BFC1AA3509}.AppStore|x86.ActiveCfg = AppStore|iPhone
		{E6365523-F2DF-4C8E-968E-F2BFC1AA3509}.Debug|Any CPU.ActiveCfg = Debug|iPhone
		{E6365523-F2DF-4C8E-968E-F2BFC1AA3509}.Debug|ARM.ActiveCfg = Debug|iPhone
		{E6365523-F2DF-4C8E-968E-F2BFC1AA3509}.Debug|iPhone.ActiveCfg = Debug|iPhone
		{E6365523-F2DF-4C8E-968E-F2BFC1AA3509}.Debug|iPhone.Build.0 = Debug|iPhone
		{E6365523-F2DF-4C8E-968E-F2BFC1AA3509}.Debug|iPhoneSimulator.ActiveCfg = Debug|iPhoneSimulator
		{E6365523-F2DF-4C8E-968E-F2BFC1AA3509}.Debug|iPhoneSimulator.Build.0 = Debug|iPhoneSimulator
		{E6365523-F2DF-4C8E-968E-F2BFC1AA3509}.Debug|x64.ActiveCfg = Debug|iPhone
		{E6365523-F2DF-4C8E-968E-F2BFC1AA3509}.Debug|x86.ActiveCfg = Debug|iPhone
		{E6365523-F2DF-4C8E-968E-F2BFC1AA3509}.Release|Any CPU.ActiveCfg = Release|iPhone
		{E6365523-F2DF-4C8E-968E-F2BFC1AA3509}.Release|ARM.ActiveCfg = Release|iPhone
		{E6365523-F2DF-4C8E-968E-F2BFC1AA3509}.Release|iPhone.ActiveCfg = Release|iPhone
		{E6365523-F2DF-4C8E-968E-F2BFC1AA3509}.Release|iPhone.Build.0 = Release|iPhone
		{E6365523-F2DF-4C8E-968E-F2BFC1AA3509}.Release|iPhoneSimulator.ActiveCfg = Release|iPhoneSimulator
		{E6365523-F2DF-4C8E-968E-F2BFC1AA3509}.Release|iPhoneSimulator.Build.0 = Release|iPhoneSimulator
		{E6365523-F2DF-4C8E-968E-F2BFC1AA3509}.Release|x64.ActiveCfg = Release|iPhone
		{E6365523-F2DF-4C8E-968E-F2BFC1AA3509}.Release|x86.ActiveCfg = Release|iPhone
		{EFAF571B-024F-4B61-B167-59360F3625A5}.Ad-Hoc|Any CPU.ActiveCfg = Release|Any CPU
		{EFAF571B-024F-4B61-B167-59360F3625A5}.Ad-Hoc|Any CPU.Build.0 = Release|Any CPU
		{EFAF571B-024F-4B61-B167-59360F3625A5}.Ad-Hoc|Any CPU.Deploy.0 = Release|Any CPU
		{EFAF571B-024F-4B61-B167-59360F3625A5}.Ad-Hoc|ARM.ActiveCfg = Release|ARM
		{EFAF571B-024F-4B61-B167-59360F3625A5}.Ad-Hoc|ARM.Build.0 = Release|ARM
		{EFAF571B-024F-4B61-B167-59360F3625A5}.Ad-Hoc|ARM.Deploy.0 = Release|ARM
		{EFAF571B-024F-4B61-B167-59360F3625A5}.Ad-Hoc|iPhone.ActiveCfg = Release|Any CPU
		{EFAF571B-024F-4B61-B167-59360F3625A5}.Ad-Hoc|iPhone.Build.0 = Release|Any CPU
		{EFAF571B-024F-4B61-B167-59360F3625A5}.Ad-Hoc|iPhone.Deploy.0 = Release|Any CPU
		{EFAF571B-024F-4B61-B167-59360F3625A5}.Ad-Hoc|iPhoneSimulator.ActiveCfg = Release|Any CPU
		{EFAF571B-024F-4B61-B167-59360F3625A5}.Ad-Hoc|iPhoneSimulator.Build.0 = Release|Any CPU
		{EFAF571B-024F-4B61-B167-59360F3625A5}.Ad-Hoc|iPhoneSimulator.Deploy.0 = Release|Any CPU
		{EFAF571B-024F-4B61-B167-59360F3625A5}.Ad-Hoc|x64.ActiveCfg = Release|Any CPU
		{EFAF571B-024F-4B61-B167-59360F3625A5}.Ad-Hoc|x64.Build.0 = Release|Any CPU
		{EFAF571B-024F-4B61-B167-59360F3625A5}.Ad-Hoc|x64.Deploy.0 = Release|Any CPU
		{EFAF571B-024F-4B61-B167-59360F3625A5}.Ad-Hoc|x86.ActiveCfg = Release|x86
		{EFAF571B-024F-4B61-B167-59360F3625A5}.Ad-Hoc|x86.Build.0 = Release|x86
		{EFAF571B-024F-4B61-B167-59360F3625A5}.Ad-Hoc|x86.Deploy.0 = Release|x86
		{EFAF571B-024F-4B61-B167-59360F3625A5}.AppStore|Any CPU.ActiveCfg = Release|Any CPU
		{EFAF571B-024F-4B61-B167-59360F3625A5}.AppStore|Any CPU.Build.0 = Release|Any CPU
		{EFAF571B-024F-4B61-B167-59360F3625A5}.AppStore|Any CPU.Deploy.0 = Release|Any CPU
		{EFAF571B-024F-4B61-B167-59360F3625A5}.AppStore|ARM.ActiveCfg = Release|ARM
		{EFAF571B-024F-4B61-B167-59360F3625A5}.AppStore|ARM.Build.0 = Release|ARM
		{EFAF571B-024F-4B61-B167-59360F3625A5}.AppStore|ARM.Deploy.0 = Release|ARM
		{EFAF571B-024F-4B61-B167-59360F3625A5}.AppStore|iPhone.ActiveCfg = Release|Any CPU
		{EFAF571B-024F-4B61-B167-59360F3625A5}.AppStore|iPhone.Build.0 = Release|Any CPU
		{EFAF571B-024F-4B61-B167-59360F3625A5}.AppStore|iPhone.Deploy.0 = Release|Any CPU
		{EFAF571B-024F-4B61-B167-59360F3625A5}.AppStore|iPhoneSimulator.ActiveCfg = Release|Any CPU
		{EFAF571B-024F-4B61-B167-59360F3625A5}.AppStore|iPhoneSimulator.Build.0 = Release|Any CPU
		{EFAF571B-024F-4B61-B167-59360F3625A5}.AppStore|iPhoneSimulator.Deploy.0 = Release|Any CPU
		{EFAF571B-024F-4B61-B167-59360F3625A5}.AppStore|x64.ActiveCfg = Release|Any CPU
		{EFAF571B-024F-4B61-B167-59360F3625A5}.AppStore|x64.Build.0 = Release|Any CPU
		{EFAF571B-024F-4B61-B167-59360F3625A5}.AppStore|x64.Deploy.0 = Release|Any CPU
		{EFAF571B-024F-4B61-B167-59360F3625A5}.AppStore|x86.ActiveCfg = Release|x86
		{EFAF571B-024F-4B61-B167-59360F3625A5}.AppStore|x86.Build.0 = Release|x86
		{EFAF571B-024F-4B61-B167-59360F3625A5}.AppStore|x86.Deploy.0 = Release|x86
		{EFAF571B-024F-4B61-B167-59360F3625A5}.Debug|Any CPU.ActiveCfg = Debug|Any CPU
		{EFAF571B-024F-4B61-B167-59360F3625A5}.Debug|Any CPU.Build.0 = Debug|Any CPU
		{EFAF571B-024F-4B61-B167-59360F3625A5}.Debug|Any CPU.Deploy.0 = Debug|Any CPU
		{EFAF571B-024F-4B61-B167-59360F3625A5}.Debug|ARM.ActiveCfg = Debug|ARM
		{EFAF571B-024F-4B61-B167-59360F3625A5}.Debug|ARM.Build.0 = Debug|ARM
		{EFAF571B-024F-4B61-B167-59360F3625A5}.Debug|ARM.Deploy.0 = Debug|ARM
		{EFAF571B-024F-4B61-B167-59360F3625A5}.Debug|iPhone.ActiveCfg = Debug|Any CPU
		{EFAF571B-024F-4B61-B167-59360F3625A5}.Debug|iPhone.Build.0 = Debug|Any CPU
		{EFAF571B-024F-4B61-B167-59360F3625A5}.Debug|iPhone.Deploy.0 = Debug|Any CPU
		{EFAF571B-024F-4B61-B167-59360F3625A5}.Debug|iPhoneSimulator.ActiveCfg = Debug|Any CPU
		{EFAF571B-024F-4B61-B167-59360F3625A5}.Debug|iPhoneSimulator.Build.0 = Debug|Any CPU
		{EFAF571B-024F-4B61-B167-59360F3625A5}.Debug|iPhoneSimulator.Deploy.0 = Debug|Any CPU
		{EFAF571B-024F-4B61-B167-59360F3625A5}.Debug|x64.ActiveCfg = Debug|Any CPU
		{EFAF571B-024F-4B61-B167-59360F3625A5}.Debug|x64.Build.0 = Debug|Any CPU
		{EFAF571B-024F-4B61-B167-59360F3625A5}.Debug|x64.Deploy.0 = Debug|Any CPU
		{EFAF571B-024F-4B61-B167-59360F3625A5}.Debug|x86.ActiveCfg = Debug|x86
		{EFAF571B-024F-4B61-B167-59360F3625A5}.Debug|x86.Build.0 = Debug|x86
		{EFAF571B-024F-4B61-B167-59360F3625A5}.Debug|x86.Deploy.0 = Debug|x86
		{EFAF571B-024F-4B61-B167-59360F3625A5}.Release|Any CPU.ActiveCfg = Release|Any CPU
		{EFAF571B-024F-4B61-B167-59360F3625A5}.Release|Any CPU.Build.0 = Release|Any CPU
		{EFAF571B-024F-4B61-B167-59360F3625A5}.Release|Any CPU.Deploy.0 = Release|Any CPU
		{EFAF571B-024F-4B61-B167-59360F3625A5}.Release|ARM.ActiveCfg = Release|ARM
		{EFAF571B-024F-4B61-B167-59360F3625A5}.Release|ARM.Build.0 = Release|ARM
		{EFAF571B-024F-4B61-B167-59360F3625A5}.Release|ARM.Deploy.0 = Release|ARM
		{EFAF571B-024F-4B61-B167-59360F3625A5}.Release|iPhone.ActiveCfg = Release|Any CPU
		{EFAF571B-024F-4B61-B167-59360F3625A5}.Release|iPhone.Build.0 = Release|Any CPU
		{EFAF571B-024F-4B61-B167-59360F3625A5}.Release|iPhone.Deploy.0 = Release|Any CPU
		{EFAF571B-024F-4B61-B167-59360F3625A5}.Release|iPhoneSimulator.ActiveCfg = Release|Any CPU
		{EFAF571B-024F-4B61-B167-59360F3625A5}.Release|iPhoneSimulator.Build.0 = Release|Any CPU
		{EFAF571B-024F-4B61-B167-59360F3625A5}.Release|iPhoneSimulator.Deploy.0 = Release|Any CPU
		{EFAF571B-024F-4B61-B167-59360F3625A5}.Release|x64.ActiveCfg = Release|Any CPU
		{EFAF571B-024F-4B61-B167-59360F3625A5}.Release|x64.Build.0 = Release|Any CPU
		{EFAF571B-024F-4B61-B167-59360F3625A5}.Release|x64.Deploy.0 = Release|Any CPU
		{EFAF571B-024F-4B61-B167-59360F3625A5}.Release|x86.ActiveCfg = Release|x86
		{EFAF571B-024F-4B61-B167-59360F3625A5}.Release|x86.Build.0 = Release|x86
		{EFAF571B-024F-4B61-B167-59360F3625A5}.Release|x86.Deploy.0 = Release|x86
		{E3E8594C-AA89-462B-8A14-912BD699C193}.Ad-Hoc|Any CPU.ActiveCfg = Release|Any CPU
		{E3E8594C-AA89-462B-8A14-912BD699C193}.Ad-Hoc|Any CPU.Build.0 = Release|Any CPU
		{E3E8594C-AA89-462B-8A14-912BD699C193}.Ad-Hoc|Any CPU.Deploy.0 = Release|Any CPU
		{E3E8594C-AA89-462B-8A14-912BD699C193}.Ad-Hoc|ARM.ActiveCfg = Release|ARM
		{E3E8594C-AA89-462B-8A14-912BD699C193}.Ad-Hoc|ARM.Build.0 = Release|ARM
		{E3E8594C-AA89-462B-8A14-912BD699C193}.Ad-Hoc|ARM.Deploy.0 = Release|ARM
		{E3E8594C-AA89-462B-8A14-912BD699C193}.Ad-Hoc|iPhone.ActiveCfg = Release|Any CPU
		{E3E8594C-AA89-462B-8A14-912BD699C193}.Ad-Hoc|iPhone.Build.0 = Release|Any CPU
		{E3E8594C-AA89-462B-8A14-912BD699C193}.Ad-Hoc|iPhone.Deploy.0 = Release|Any CPU
		{E3E8594C-AA89-462B-8A14-912BD699C193}.Ad-Hoc|iPhoneSimulator.ActiveCfg = Release|Any CPU
		{E3E8594C-AA89-462B-8A14-912BD699C193}.Ad-Hoc|iPhoneSimulator.Build.0 = Release|Any CPU
		{E3E8594C-AA89-462B-8A14-912BD699C193}.Ad-Hoc|iPhoneSimulator.Deploy.0 = Release|Any CPU
		{E3E8594C-AA89-462B-8A14-912BD699C193}.Ad-Hoc|x64.ActiveCfg = Release|x64
		{E3E8594C-AA89-462B-8A14-912BD699C193}.Ad-Hoc|x64.Build.0 = Release|x64
		{E3E8594C-AA89-462B-8A14-912BD699C193}.Ad-Hoc|x64.Deploy.0 = Release|x64
		{E3E8594C-AA89-462B-8A14-912BD699C193}.Ad-Hoc|x86.ActiveCfg = Release|x86
		{E3E8594C-AA89-462B-8A14-912BD699C193}.Ad-Hoc|x86.Build.0 = Release|x86
		{E3E8594C-AA89-462B-8A14-912BD699C193}.Ad-Hoc|x86.Deploy.0 = Release|x86
		{E3E8594C-AA89-462B-8A14-912BD699C193}.AppStore|Any CPU.ActiveCfg = Release|Any CPU
		{E3E8594C-AA89-462B-8A14-912BD699C193}.AppStore|Any CPU.Build.0 = Release|Any CPU
		{E3E8594C-AA89-462B-8A14-912BD699C193}.AppStore|Any CPU.Deploy.0 = Release|Any CPU
		{E3E8594C-AA89-462B-8A14-912BD699C193}.AppStore|ARM.ActiveCfg = Release|ARM
		{E3E8594C-AA89-462B-8A14-912BD699C193}.AppStore|ARM.Build.0 = Release|ARM
		{E3E8594C-AA89-462B-8A14-912BD699C193}.AppStore|ARM.Deploy.0 = Release|ARM
		{E3E8594C-AA89-462B-8A14-912BD699C193}.AppStore|iPhone.ActiveCfg = Release|Any CPU
		{E3E8594C-AA89-462B-8A14-912BD699C193}.AppStore|iPhone.Build.0 = Release|Any CPU
		{E3E8594C-AA89-462B-8A14-912BD699C193}.AppStore|iPhone.Deploy.0 = Release|Any CPU
		{E3E8594C-AA89-462B-8A14-912BD699C193}.AppStore|iPhoneSimulator.ActiveCfg = Release|Any CPU
		{E3E8594C-AA89-462B-8A14-912BD699C193}.AppStore|iPhoneSimulator.Build.0 = Release|Any CPU
		{E3E8594C-AA89-462B-8A14-912BD699C193}.AppStore|iPhoneSimulator.Deploy.0 = Release|Any CPU
		{E3E8594C-AA89-462B-8A14-912BD699C193}.AppStore|x64.ActiveCfg = Release|x64
		{E3E8594C-AA89-462B-8A14-912BD699C193}.AppStore|x64.Build.0 = Release|x64
		{E3E8594C-AA89-462B-8A14-912BD699C193}.AppStore|x64.Deploy.0 = Release|x64
		{E3E8594C-AA89-462B-8A14-912BD699C193}.AppStore|x86.ActiveCfg = Release|x86
		{E3E8594C-AA89-462B-8A14-912BD699C193}.AppStore|x86.Build.0 = Release|x86
		{E3E8594C-AA89-462B-8A14-912BD699C193}.AppStore|x86.Deploy.0 = Release|x86
		{E3E8594C-AA89-462B-8A14-912BD699C193}.Debug|Any CPU.ActiveCfg = Debug|Any CPU
		{E3E8594C-AA89-462B-8A14-912BD699C193}.Debug|Any CPU.Build.0 = Debug|Any CPU
		{E3E8594C-AA89-462B-8A14-912BD699C193}.Debug|Any CPU.Deploy.0 = Debug|Any CPU
		{E3E8594C-AA89-462B-8A14-912BD699C193}.Debug|ARM.ActiveCfg = Debug|ARM
		{E3E8594C-AA89-462B-8A14-912BD699C193}.Debug|ARM.Build.0 = Debug|ARM
		{E3E8594C-AA89-462B-8A14-912BD699C193}.Debug|ARM.Deploy.0 = Debug|ARM
		{E3E8594C-AA89-462B-8A14-912BD699C193}.Debug|iPhone.ActiveCfg = Debug|Any CPU
		{E3E8594C-AA89-462B-8A14-912BD699C193}.Debug|iPhone.Build.0 = Debug|Any CPU
		{E3E8594C-AA89-462B-8A14-912BD699C193}.Debug|iPhone.Deploy.0 = Debug|Any CPU
		{E3E8594C-AA89-462B-8A14-912BD699C193}.Debug|iPhoneSimulator.ActiveCfg = Debug|Any CPU
		{E3E8594C-AA89-462B-8A14-912BD699C193}.Debug|iPhoneSimulator.Build.0 = Debug|Any CPU
		{E3E8594C-AA89-462B-8A14-912BD699C193}.Debug|iPhoneSimulator.Deploy.0 = Debug|Any CPU
		{E3E8594C-AA89-462B-8A14-912BD699C193}.Debug|x64.ActiveCfg = Debug|x64
		{E3E8594C-AA89-462B-8A14-912BD699C193}.Debug|x64.Build.0 = Debug|x64
		{E3E8594C-AA89-462B-8A14-912BD699C193}.Debug|x64.Deploy.0 = Debug|x64
		{E3E8594C-AA89-462B-8A14-912BD699C193}.Debug|x86.ActiveCfg = Debug|x86
		{E3E8594C-AA89-462B-8A14-912BD699C193}.Debug|x86.Build.0 = Debug|x86
		{E3E8594C-AA89-462B-8A14-912BD699C193}.Debug|x86.Deploy.0 = Debug|x86
		{E3E8594C-AA89-462B-8A14-912BD699C193}.Release|Any CPU.ActiveCfg = Release|Any CPU
		{E3E8594C-AA89-462B-8A14-912BD699C193}.Release|Any CPU.Build.0 = Release|Any CPU
		{E3E8594C-AA89-462B-8A14-912BD699C193}.Release|Any CPU.Deploy.0 = Release|Any CPU
		{E3E8594C-AA89-462B-8A14-912BD699C193}.Release|ARM.ActiveCfg = Release|ARM
		{E3E8594C-AA89-462B-8A14-912BD699C193}.Release|ARM.Build.0 = Release|ARM
		{E3E8594C-AA89-462B-8A14-912BD699C193}.Release|ARM.Deploy.0 = Release|ARM
		{E3E8594C-AA89-462B-8A14-912BD699C193}.Release|iPhone.ActiveCfg = Release|Any CPU
		{E3E8594C-AA89-462B-8A14-912BD699C193}.Release|iPhone.Build.0 = Release|Any CPU
		{E3E8594C-AA89-462B-8A14-912BD699C193}.Release|iPhone.Deploy.0 = Release|Any CPU
		{E3E8594C-AA89-462B-8A14-912BD699C193}.Release|iPhoneSimulator.ActiveCfg = Release|Any CPU
		{E3E8594C-AA89-462B-8A14-912BD699C193}.Release|iPhoneSimulator.Build.0 = Release|Any CPU
		{E3E8594C-AA89-462B-8A14-912BD699C193}.Release|iPhoneSimulator.Deploy.0 = Release|Any CPU
		{E3E8594C-AA89-462B-8A14-912BD699C193}.Release|x64.ActiveCfg = Release|x64
		{E3E8594C-AA89-462B-8A14-912BD699C193}.Release|x64.Build.0 = Release|x64
		{E3E8594C-AA89-462B-8A14-912BD699C193}.Release|x64.Deploy.0 = Release|x64
		{E3E8594C-AA89-462B-8A14-912BD699C193}.Release|x86.ActiveCfg = Release|x86
		{E3E8594C-AA89-462B-8A14-912BD699C193}.Release|x86.Build.0 = Release|x86
		{E3E8594C-AA89-462B-8A14-912BD699C193}.Release|x86.Deploy.0 = Release|x86
		{02F57391-1FF1-42B6-A487-F8AD5493D516}.Ad-Hoc|Any CPU.ActiveCfg = Release|Any CPU
		{02F57391-1FF1-42B6-A487-F8AD5493D516}.Ad-Hoc|Any CPU.Build.0 = Release|Any CPU
		{02F57391-1FF1-42B6-A487-F8AD5493D516}.Ad-Hoc|ARM.ActiveCfg = Release|Any CPU
		{02F57391-1FF1-42B6-A487-F8AD5493D516}.Ad-Hoc|ARM.Build.0 = Release|Any CPU
		{02F57391-1FF1-42B6-A487-F8AD5493D516}.Ad-Hoc|iPhone.ActiveCfg = Release|Any CPU
		{02F57391-1FF1-42B6-A487-F8AD5493D516}.Ad-Hoc|iPhone.Build.0 = Release|Any CPU
		{02F57391-1FF1-42B6-A487-F8AD5493D516}.Ad-Hoc|iPhoneSimulator.ActiveCfg = Release|Any CPU
		{02F57391-1FF1-42B6-A487-F8AD5493D516}.Ad-Hoc|iPhoneSimulator.Build.0 = Release|Any CPU
		{02F57391-1FF1-42B6-A487-F8AD5493D516}.Ad-Hoc|x64.ActiveCfg = Release|Any CPU
		{02F57391-1FF1-42B6-A487-F8AD5493D516}.Ad-Hoc|x64.Build.0 = Release|Any CPU
		{02F57391-1FF1-42B6-A487-F8AD5493D516}.Ad-Hoc|x86.ActiveCfg = Release|Any CPU
		{02F57391-1FF1-42B6-A487-F8AD5493D516}.Ad-Hoc|x86.Build.0 = Release|Any CPU
		{02F57391-1FF1-42B6-A487-F8AD5493D516}.AppStore|Any CPU.ActiveCfg = Release|Any CPU
		{02F57391-1FF1-42B6-A487-F8AD5493D516}.AppStore|Any CPU.Build.0 = Release|Any CPU
		{02F57391-1FF1-42B6-A487-F8AD5493D516}.AppStore|ARM.ActiveCfg = Release|Any CPU
		{02F57391-1FF1-42B6-A487-F8AD5493D516}.AppStore|ARM.Build.0 = Release|Any CPU
		{02F57391-1FF1-42B6-A487-F8AD5493D516}.AppStore|iPhone.ActiveCfg = Release|Any CPU
		{02F57391-1FF1-42B6-A487-F8AD5493D516}.AppStore|iPhone.Build.0 = Release|Any CPU
		{02F57391-1FF1-42B6-A487-F8AD5493D516}.AppStore|iPhoneSimulator.ActiveCfg = Release|Any CPU
		{02F57391-1FF1-42B6-A487-F8AD5493D516}.AppStore|iPhoneSimulator.Build.0 = Release|Any CPU
		{02F57391-1FF1-42B6-A487-F8AD5493D516}.AppStore|x64.ActiveCfg = Release|Any CPU
		{02F57391-1FF1-42B6-A487-F8AD5493D516}.AppStore|x64.Build.0 = Release|Any CPU
		{02F57391-1FF1-42B6-A487-F8AD5493D516}.AppStore|x86.ActiveCfg = Release|Any CPU
		{02F57391-1FF1-42B6-A487-F8AD5493D516}.AppStore|x86.Build.0 = Release|Any CPU
		{02F57391-1FF1-42B6-A487-F8AD5493D516}.Debug|Any CPU.ActiveCfg = Debug|Any CPU
		{02F57391-1FF1-42B6-A487-F8AD5493D516}.Debug|Any CPU.Build.0 = Debug|Any CPU
		{02F57391-1FF1-42B6-A487-F8AD5493D516}.Debug|ARM.ActiveCfg = Debug|Any CPU
		{02F57391-1FF1-42B6-A487-F8AD5493D516}.Debug|ARM.Build.0 = Debug|Any CPU
		{02F57391-1FF1-42B6-A487-F8AD5493D516}.Debug|iPhone.ActiveCfg = Debug|Any CPU
		{02F57391-1FF1-42B6-A487-F8AD5493D516}.Debug|iPhone.Build.0 = Debug|Any CPU
		{02F57391-1FF1-42B6-A487-F8AD5493D516}.Debug|iPhoneSimulator.ActiveCfg = Debug|Any CPU
		{02F57391-1FF1-42B6-A487-F8AD5493D516}.Debug|iPhoneSimulator.Build.0 = Debug|Any CPU
		{02F57391-1FF1-42B6-A487-F8AD5493D516}.Debug|x64.ActiveCfg = Debug|Any CPU
		{02F57391-1FF1-42B6-A487-F8AD5493D516}.Debug|x64.Build.0 = Debug|Any CPU
		{02F57391-1FF1-42B6-A487-F8AD5493D516}.Debug|x86.ActiveCfg = Debug|Any CPU
		{02F57391-1FF1-42B6-A487-F8AD5493D516}.Debug|x86.Build.0 = Debug|Any CPU
		{02F57391-1FF1-42B6-A487-F8AD5493D516}.Release|Any CPU.ActiveCfg = Release|Any CPU
		{02F57391-1FF1-42B6-A487-F8AD5493D516}.Release|Any CPU.Build.0 = Release|Any CPU
		{02F57391-1FF1-42B6-A487-F8AD5493D516}.Release|ARM.ActiveCfg = Release|Any CPU
		{02F57391-1FF1-42B6-A487-F8AD5493D516}.Release|ARM.Build.0 = Release|Any CPU
		{02F57391-1FF1-42B6-A487-F8AD5493D516}.Release|iPhone.ActiveCfg = Release|Any CPU
		{02F57391-1FF1-42B6-A487-F8AD5493D516}.Release|iPhone.Build.0 = Release|Any CPU
		{02F57391-1FF1-42B6-A487-F8AD5493D516}.Release|iPhoneSimulator.ActiveCfg = Release|Any CPU
		{02F57391-1FF1-42B6-A487-F8AD5493D516}.Release|iPhoneSimulator.Build.0 = Release|Any CPU
		{02F57391-1FF1-42B6-A487-F8AD5493D516}.Release|x64.ActiveCfg = Release|Any CPU
		{02F57391-1FF1-42B6-A487-F8AD5493D516}.Release|x64.Build.0 = Release|Any CPU
		{02F57391-1FF1-42B6-A487-F8AD5493D516}.Release|x86.ActiveCfg = Release|Any CPU
		{02F57391-1FF1-42B6-A487-F8AD5493D516}.Release|x86.Build.0 = Release|Any CPU
	EndGlobalSection
	GlobalSection(SolutionProperties) = preSolution
		HideSolutionNode = FALSE
	EndGlobalSection
	GlobalSection(NestedProjects) = preSolution
		{02F57391-1FF1-42B6-A487-F8AD5493D516} = {648AA1CC-BB25-4373-BD1C-F0A6B380AB8A}
	EndGlobalSection
EndGlobal
