
Microsoft Visual Studio Solution File, Format Version 12.00
# Visual Studio 14
VisualStudioVersion = 14.0.25420.1
MinimumVisualStudioVersion = 10.0.40219.1
Project("{FAE04EC0-301F-11D3-BF4B-00C04F79EFBC}") = "ToDoList", "ToDoList\ToDoList\ToDoList.csproj", "{7FFBF481-6C26-44F2-A3DE-C9A5B1824FA8}"
EndProject
Project("{FAE04EC0-301F-11D3-BF4B-00C04F79EFBC}") = "ToDoList.Android", "ToDoList\ToDoList.Android\ToDoList.Android.csproj", "{D2B961C1-F19F-48D0-957D-BCA97BE364AB}"
EndProject
Project("{FAE04EC0-301F-11D3-BF4B-00C04F79EFBC}") = "ToDoList.iOS", "ToDoList\ToDoList.iOS\ToDoList.iOS.csproj", "{C125B75D-5FDA-4AED-90BF-CDBDD1B8AB01}"
EndProject
Project("{FAE04EC0-301F-11D3-BF4B-00C04F79EFBC}") = "ToDoList.UWP", "ToDoList\ToDoList.UWP\ToDoList.UWP.csproj", "{884B5FEB-03E2-4B78-940D-C474647AC02E}"
EndProject
Global
	GlobalSection(SolutionConfigurationPlatforms) = preSolution
		Debug|Any CPU = Debug|Any CPU
		Debug|ARM = Debug|ARM
		Debug|iPhone = Debug|iPhone
		Debug|iPhoneSimulator = Debug|iPhoneSimulator
		Debug|x64 = Debug|x64
		Debug|x86 = Debug|x86
		Release|Any CPU = Release|Any CPU
		Release|ARM = Release|ARM
		Release|iPhone = Release|iPhone
		Release|iPhoneSimulator = Release|iPhoneSimulator
		Release|x64 = Release|x64
		Release|x86 = Release|x86
	EndGlobalSection
	GlobalSection(ProjectConfigurationPlatforms) = postSolution
		{7FFBF481-6C26-44F2-A3DE-C9A5B1824FA8}.Debug|Any CPU.ActiveCfg = Debug|Any CPU
		{7FFBF481-6C26-44F2-A3DE-C9A5B1824FA8}.Debug|Any CPU.Build.0 = Debug|Any CPU
		{7FFBF481-6C26-44F2-A3DE-C9A5B1824FA8}.Debug|ARM.ActiveCfg = Debug|Any CPU
		{7FFBF481-6C26-44F2-A3DE-C9A5B1824FA8}.Debug|ARM.Build.0 = Debug|Any CPU
		{7FFBF481-6C26-44F2-A3DE-C9A5B1824FA8}.Debug|iPhone.ActiveCfg = Debug|Any CPU
		{7FFBF481-6C26-44F2-A3DE-C9A5B1824FA8}.Debug|iPhone.Build.0 = Debug|Any CPU
		{7FFBF481-6C26-44F2-A3DE-C9A5B1824FA8}.Debug|iPhoneSimulator.ActiveCfg = Debug|Any CPU
		{7FFBF481-6C26-44F2-A3DE-C9A5B1824FA8}.Debug|iPhoneSimulator.Build.0 = Debug|Any CPU
		{7FFBF481-6C26-44F2-A3DE-C9A5B1824FA8}.Debug|x64.ActiveCfg = Debug|Any CPU
		{7FFBF481-6C26-44F2-A3DE-C9A5B1824FA8}.Debug|x64.Build.0 = Debug|Any CPU
		{7FFBF481-6C26-44F2-A3DE-C9A5B1824FA8}.Debug|x86.ActiveCfg = Debug|Any CPU
		{7FFBF481-6C26-44F2-A3DE-C9A5B1824FA8}.Debug|x86.Build.0 = Debug|Any CPU
		{7FFBF481-6C26-44F2-A3DE-C9A5B1824FA8}.Release|Any CPU.ActiveCfg = Release|Any CPU
		{7FFBF481-6C26-44F2-A3DE-C9A5B1824FA8}.Release|Any CPU.Build.0 = Release|Any CPU
		{7FFBF481-6C26-44F2-A3DE-C9A5B1824FA8}.Release|ARM.ActiveCfg = Release|Any CPU
		{7FFBF481-6C26-44F2-A3DE-C9A5B1824FA8}.Release|ARM.Build.0 = Release|Any CPU
		{7FFBF481-6C26-44F2-A3DE-C9A5B1824FA8}.Release|iPhone.ActiveCfg = Release|Any CPU
		{7FFBF481-6C26-44F2-A3DE-C9A5B1824FA8}.Release|iPhone.Build.0 = Release|Any CPU
		{7FFBF481-6C26-44F2-A3DE-C9A5B1824FA8}.Release|iPhoneSimulator.ActiveCfg = Release|Any CPU
		{7FFBF481-6C26-44F2-A3DE-C9A5B1824FA8}.Release|iPhoneSimulator.Build.0 = Release|Any CPU
		{7FFBF481-6C26-44F2-A3DE-C9A5B1824FA8}.Release|x64.ActiveCfg = Release|Any CPU
		{7FFBF481-6C26-44F2-A3DE-C9A5B1824FA8}.Release|x64.Build.0 = Release|Any CPU
		{7FFBF481-6C26-44F2-A3DE-C9A5B1824FA8}.Release|x86.ActiveCfg = Release|Any CPU
		{7FFBF481-6C26-44F2-A3DE-C9A5B1824FA8}.Release|x86.Build.0 = Release|Any CPU
		{D2B961C1-F19F-48D0-957D-BCA97BE364AB}.Debug|Any CPU.ActiveCfg = Debug|Any CPU
		{D2B961C1-F19F-48D0-957D-BCA97BE364AB}.Debug|Any CPU.Build.0 = Debug|Any CPU
		{D2B961C1-F19F-48D0-957D-BCA97BE364AB}.Debug|Any CPU.Deploy.0 = Debug|Any CPU
		{D2B961C1-F19F-48D0-957D-BCA97BE364AB}.Debug|ARM.ActiveCfg = Debug|Any CPU
		{D2B961C1-F19F-48D0-957D-BCA97BE364AB}.Debug|ARM.Build.0 = Debug|Any CPU
		{D2B961C1-F19F-48D0-957D-BCA97BE364AB}.Debug|ARM.Deploy.0 = Debug|Any CPU
		{D2B961C1-F19F-48D0-957D-BCA97BE364AB}.Debug|iPhone.ActiveCfg = Debug|Any CPU
		{D2B961C1-F19F-48D0-957D-BCA97BE364AB}.Debug|iPhone.Build.0 = Debug|Any CPU
		{D2B961C1-F19F-48D0-957D-BCA97BE364AB}.Debug|iPhone.Deploy.0 = Debug|Any CPU
		{D2B961C1-F19F-48D0-957D-BCA97BE364AB}.Debug|iPhoneSimulator.ActiveCfg = Debug|Any CPU
		{D2B961C1-F19F-48D0-957D-BCA97BE364AB}.Debug|iPhoneSimulator.Build.0 = Debug|Any CPU
		{D2B961C1-F19F-48D0-957D-BCA97BE364AB}.Debug|iPhoneSimulator.Deploy.0 = Debug|Any CPU
		{D2B961C1-F19F-48D0-957D-BCA97BE364AB}.Debug|x64.ActiveCfg = Debug|Any CPU
		{D2B961C1-F19F-48D0-957D-BCA97BE364AB}.Debug|x64.Build.0 = Debug|Any CPU
		{D2B961C1-F19F-48D0-957D-BCA97BE364AB}.Debug|x64.Deploy.0 = Debug|Any CPU
		{D2B961C1-F19F-48D0-957D-BCA97BE364AB}.Debug|x86.ActiveCfg = Debug|Any CPU
		{D2B961C1-F19F-48D0-957D-BCA97BE364AB}.Debug|x86.Build.0 = Debug|Any CPU
		{D2B961C1-F19F-48D0-957D-BCA97BE364AB}.Debug|x86.Deploy.0 = Debug|Any CPU
		{D2B961C1-F19F-48D0-957D-BCA97BE364AB}.Release|Any CPU.ActiveCfg = Release|Any CPU
		{D2B961C1-F19F-48D0-957D-BCA97BE364AB}.Release|Any CPU.Build.0 = Release|Any CPU
		{D2B961C1-F19F-48D0-957D-BCA97BE364AB}.Release|Any CPU.Deploy.0 = Release|Any CPU
		{D2B961C1-F19F-48D0-957D-BCA97BE364AB}.Release|ARM.ActiveCfg = Release|Any CPU
		{D2B961C1-F19F-48D0-957D-BCA97BE364AB}.Release|ARM.Build.0 = Release|Any CPU
		{D2B961C1-F19F-48D0-957D-BCA97BE364AB}.Release|ARM.Deploy.0 = Release|Any CPU
		{D2B961C1-F19F-48D0-957D-BCA97BE364AB}.Release|iPhone.ActiveCfg = Release|Any CPU
		{D2B961C1-F19F-48D0-957D-BCA97BE364AB}.Release|iPhone.Build.0 = Release|Any CPU
		{D2B961C1-F19F-48D0-957D-BCA97BE364AB}.Release|iPhone.Deploy.0 = Release|Any CPU
		{D2B961C1-F19F-48D0-957D-BCA97BE364AB}.Release|iPhoneSimulator.ActiveCfg = Release|Any CPU
		{D2B961C1-F19F-48D0-957D-BCA97BE364AB}.Release|iPhoneSimulator.Build.0 = Release|Any CPU
		{D2B961C1-F19F-48D0-957D-BCA97BE364AB}.Release|iPhoneSimulator.Deploy.0 = Release|Any CPU
		{D2B961C1-F19F-48D0-957D-BCA97BE364AB}.Release|x64.ActiveCfg = Release|Any CPU
		{D2B961C1-F19F-48D0-957D-BCA97BE364AB}.Release|x64.Build.0 = Release|Any CPU
		{D2B961C1-F19F-48D0-957D-BCA97BE364AB}.Release|x64.Deploy.0 = Release|Any CPU
		{D2B961C1-F19F-48D0-957D-BCA97BE364AB}.Release|x86.ActiveCfg = Release|Any CPU
		{D2B961C1-F19F-48D0-957D-BCA97BE364AB}.Release|x86.Build.0 = Release|Any CPU
		{D2B961C1-F19F-48D0-957D-BCA97BE364AB}.Release|x86.Deploy.0 = Release|Any CPU
		{C125B75D-5FDA-4AED-90BF-CDBDD1B8AB01}.Debug|Any CPU.ActiveCfg = Debug|iPhone
		{C125B75D-5FDA-4AED-90BF-CDBDD1B8AB01}.Debug|ARM.ActiveCfg = Debug|iPhone
		{C125B75D-5FDA-4AED-90BF-CDBDD1B8AB01}.Debug|iPhone.ActiveCfg = Debug|iPhone
		{C125B75D-5FDA-4AED-90BF-CDBDD1B8AB01}.Debug|iPhone.Build.0 = Debug|iPhone
		{C125B75D-5FDA-4AED-90BF-CDBDD1B8AB01}.Debug|iPhoneSimulator.ActiveCfg = Debug|iPhoneSimulator
		{C125B75D-5FDA-4AED-90BF-CDBDD1B8AB01}.Debug|iPhoneSimulator.Build.0 = Debug|iPhoneSimulator
		{C125B75D-5FDA-4AED-90BF-CDBDD1B8AB01}.Debug|x64.ActiveCfg = Debug|iPhone
		{C125B75D-5FDA-4AED-90BF-CDBDD1B8AB01}.Debug|x86.ActiveCfg = Debug|iPhone
		{C125B75D-5FDA-4AED-90BF-CDBDD1B8AB01}.Release|Any CPU.ActiveCfg = Release|iPhone
		{C125B75D-5FDA-4AED-90BF-CDBDD1B8AB01}.Release|ARM.ActiveCfg = Release|iPhone
		{C125B75D-5FDA-4AED-90BF-CDBDD1B8AB01}.Release|iPhone.ActiveCfg = Release|iPhone
		{C125B75D-5FDA-4AED-90BF-CDBDD1B8AB01}.Release|iPhone.Build.0 = Release|iPhone
		{C125B75D-5FDA-4AED-90BF-CDBDD1B8AB01}.Release|iPhoneSimulator.ActiveCfg = Release|iPhoneSimulator
		{C125B75D-5FDA-4AED-90BF-CDBDD1B8AB01}.Release|iPhoneSimulator.Build.0 = Release|iPhoneSimulator
		{C125B75D-5FDA-4AED-90BF-CDBDD1B8AB01}.Release|x64.ActiveCfg = Release|iPhone
		{C125B75D-5FDA-4AED-90BF-CDBDD1B8AB01}.Release|x86.ActiveCfg = Release|iPhone
		{884B5FEB-03E2-4B78-940D-C474647AC02E}.Debug|Any CPU.ActiveCfg = Debug|x86
		{884B5FEB-03E2-4B78-940D-C474647AC02E}.Debug|ARM.ActiveCfg = Debug|ARM
		{884B5FEB-03E2-4B78-940D-C474647AC02E}.Debug|ARM.Build.0 = Debug|ARM
		{884B5FEB-03E2-4B78-940D-C474647AC02E}.Debug|ARM.Deploy.0 = Debug|ARM
		{884B5FEB-03E2-4B78-940D-C474647AC02E}.Debug|iPhone.ActiveCfg = Debug|x86
		{884B5FEB-03E2-4B78-940D-C474647AC02E}.Debug|iPhoneSimulator.ActiveCfg = Debug|x86
		{884B5FEB-03E2-4B78-940D-C474647AC02E}.Debug|x64.ActiveCfg = Debug|x64
		{884B5FEB-03E2-4B78-940D-C474647AC02E}.Debug|x64.Build.0 = Debug|x64
		{884B5FEB-03E2-4B78-940D-C474647AC02E}.Debug|x64.Deploy.0 = Debug|x64
		{884B5FEB-03E2-4B78-940D-C474647AC02E}.Debug|x86.ActiveCfg = Debug|x86
		{884B5FEB-03E2-4B78-940D-C474647AC02E}.Debug|x86.Build.0 = Debug|x86
		{884B5FEB-03E2-4B78-940D-C474647AC02E}.Debug|x86.Deploy.0 = Debug|x86
		{884B5FEB-03E2-4B78-940D-C474647AC02E}.Release|Any CPU.ActiveCfg = Release|x86
		{884B5FEB-03E2-4B78-940D-C474647AC02E}.Release|ARM.ActiveCfg = Release|ARM
		{884B5FEB-03E2-4B78-940D-C474647AC02E}.Release|ARM.Build.0 = Release|ARM
		{884B5FEB-03E2-4B78-940D-C474647AC02E}.Release|ARM.Deploy.0 = Release|ARM
		{884B5FEB-03E2-4B78-940D-C474647AC02E}.Release|iPhone.ActiveCfg = Release|x86
		{884B5FEB-03E2-4B78-940D-C474647AC02E}.Release|iPhoneSimulator.ActiveCfg = Release|x86
		{884B5FEB-03E2-4B78-940D-C474647AC02E}.Release|x64.ActiveCfg = Release|x64
		{884B5FEB-03E2-4B78-940D-C474647AC02E}.Release|x64.Build.0 = Release|x64
		{884B5FEB-03E2-4B78-940D-C474647AC02E}.Release|x64.Deploy.0 = Release|x64
		{884B5FEB-03E2-4B78-940D-C474647AC02E}.Release|x86.ActiveCfg = Release|x86
		{884B5FEB-03E2-4B78-940D-C474647AC02E}.Release|x86.Build.0 = Release|x86
		{884B5FEB-03E2-4B78-940D-C474647AC02E}.Release|x86.Deploy.0 = Release|x86
	EndGlobalSection
	GlobalSection(SolutionProperties) = preSolution
		HideSolutionNode = FALSE
	EndGlobalSection
EndGlobal
